
Microsoft Visual Studio Solution File, Format Version 12.00
# Visual Studio 15
VisualStudioVersion = 15.0.28010.2048
MinimumVisualStudioVersion = 10.0.40219.1
Project("{FAE04EC0-301F-11D3-BF4B-00C04F79EFBC}") = "BinarySearchTree", "BinarySearchTree\BinarySearchTree.csproj", "{7A0C0F11-35FD-44C9-8F1D-B29717F3239F}"
EndProject
Global
	GlobalSection(SolutionConfigurationPlatforms) = preSolution
		Debug|Any CPU = Debug|Any CPU
		Release|Any CPU = Release|Any CPU
	EndGlobalSection
	GlobalSection(ProjectConfigurationPlatforms) = postSolution
		{7A0C0F11-35FD-44C9-8F1D-B29717F3239F}.Debug|Any CPU.ActiveCfg = Debug|Any CPU
		{7A0C0F11-35FD-44C9-8F1D-B29717F3239F}.Debug|Any CPU.Build.0 = Debug|Any CPU
		{7A0C0F11-35FD-44C9-8F1D-B29717F3239F}.Release|Any CPU.ActiveCfg = Release|Any CPU
		{7A0C0F11-35FD-44C9-8F1D-B29717F3239F}.Release|Any CPU.Build.0 = Release|Any CPU
	EndGlobalSection
	GlobalSection(SolutionProperties) = preSolution
		HideSolutionNode = FALSE
	EndGlobalSection
	GlobalSection(ExtensibilityGlobals) = postSolution
		SolutionGuid = {DE8B5C80-DC15-4810-949F-96E983F57917}
	EndGlobalSection
EndGlobal
